{
  "name": "vs-key-extractor",
  "version": "1.0.0",
  "lockfileVersion": 3,
  "requires": true,
  "packages": {
    "": {
      "name": "vs-key-extractor",
      "version": "1.0.0",
      "license": "ISC",
      "dependencies": {
        "fs": "^0.0.1-security",
        "node-dpapi2": "^1.0.5",
        "winreg": "^1.2.5"
      }
    },
    "node_modules/bindings": {
      "version": "1.5.0",
      "resolved": "https://registry.npmjs.org/bindings/-/bindings-1.5.0.tgz",
      "integrity": "sha512-p2q/t/mhvuOj/UeLlV6566GD/guowlr0hHxClI0W9m7MWYkL1F0hLo+0Aexs9HSPCtR1SXQ0TD3MMKrXZajbiQ==",
      "dependencies": {
        "file-uri-to-path": "1.0.0"
      }
    },
    "node_modules/file-uri-to-path": {
      "version": "1.0.0",
      "resolved": "https://registry.npmjs.org/file-uri-to-path/-/file-uri-to-path-1.0.0.tgz",
      "integrity": "sha512-0Zt+s3L7Vf1biwWZ29aARiVYLx7iMGnEUl9x33fbB/j3jR81u/O2LbqK+Bm1CDSNDKVtJ/YjwY7TUd5SkeLQLw=="
    },
    "node_modules/fs": {
      "version": "0.0.1-security",
      "resolved": "https://registry.npmjs.org/fs/-/fs-0.0.1-security.tgz",
      "integrity": "sha512-3XY9e1pP0CVEUCdj5BmfIZxRBTSDycnbqhIOGec9QYtmVH2fbLpj86CFWkrNOkt/Fvty4KZG5lTglL9j/gJ87w=="
    },
    "node_modules/nan": {
      "version": "2.19.0",
      "resolved": "https://registry.npmjs.org/nan/-/nan-2.19.0.tgz",
      "integrity": "sha512-nO1xXxfh/RWNxfd/XPfbIfFk5vgLsAxUR9y5O0cHMJu/AW9U95JLXqthYHjEp+8gQ5p96K9jUp8nbVOxCdRbtw=="
    },
    "node_modules/node-dpapi2": {
      "version": "1.0.5",
      "resolved": "https://registry.npmjs.org/node-dpapi2/-/node-dpapi2-1.0.5.tgz",
      "integrity": "sha512-rfr1eDEF1BSxJ4t6sqLOHFEsXdjKdhXv/ZpX6DPhLt56mLzDdvSwIIlMaCzKYvRFoZoNSSCsFbKdAWq79Vidig==",
      "hasInstallScript": true,
      "dependencies": {
        "bindings": "^1.5.0",
        "nan": "^2.13.2"
      }
    },
    "node_modules/winreg": {
      "version": "1.2.5",
      "resolved": "https://registry.npmjs.org/winreg/-/winreg-1.2.5.tgz",
      "integrity": "sha512-uf7tHf+tw0B1y+x+mKTLHkykBgK2KMs3g+KlzmyMbLvICSHQyB/xOFjTT8qZ3oeTFyU7Bbj4FzXitGG6jvKhYw=="
    }
  }
}
